
Microsoft Visual Studio Solution File, Format Version 12.00
# Visual Studio Version 17
VisualStudioVersion = 17.13.35919.96 d17.13
MinimumVisualStudioVersion = 10.0.40219.1
Project("{FAE04EC0-301F-11D3-BF4B-00C04F79EFBC}") = "EvselAtikTakip", "EvselAtikTakip\EvselAtikTakip.csproj", "{37416015-82A7-46B1-A9A6-F96E10D8376C}"
EndProject
Global
	GlobalSection(SolutionConfigurationPlatforms) = preSolution
		Debug|Any CPU = Debug|Any CPU
		Release|Any CPU = Release|Any CPU
	EndGlobalSection
	GlobalSection(ProjectConfigurationPlatforms) = postSolution
		{37416015-82A7-46B1-A9A6-F96E10D8376C}.Debug|Any CPU.ActiveCfg = Debug|Any CPU
		{37416015-82A7-46B1-A9A6-F96E10D8376C}.Debug|Any CPU.Build.0 = Debug|Any CPU
		{37416015-82A7-46B1-A9A6-F96E10D8376C}.Release|Any CPU.ActiveCfg = Release|Any CPU
		{37416015-82A7-46B1-A9A6-F96E10D8376C}.Release|Any CPU.Build.0 = Release|Any CPU
	EndGlobalSection
	GlobalSection(SolutionProperties) = preSolution
		HideSolutionNode = FALSE
	EndGlobalSection
	GlobalSection(ExtensibilityGlobals) = postSolution
		SolutionGuid = {3975E121-8290-4D72-95B8-897C0A778104}
	EndGlobalSection
EndGlobal
